
Microsoft Visual Studio Solution File, Format Version 12.00
# Visual Studio Version 16
VisualStudioVersion = 16.0.28803.156
MinimumVisualStudioVersion = 10.0.40219.1
Project("{FAE04EC0-301F-11D3-BF4B-00C04F79EFBC}") = "Naxam.BraintreeDropIn.Droid", "Naxam.BraintreeDropIn.Droid\Naxam.BraintreeDropIn.Droid.csproj", "{33E916F1-74CE-40E0-A5A8-B7043C3623F7}"
EndProject
Project("{FAE04EC0-301F-11D3-BF4B-00C04F79EFBC}") = "NaxamDemoSlim", "NaxamDemoApp\NaxamDemoSlim.csproj", "{F19FBEC1-3DD4-4D76-A9F5-574E1B302F36}"
EndProject
Project("{FAE04EC0-301F-11D3-BF4B-00C04F79EFBC}") = "AndroidBindingsLibrary", "AndroidBindingsLibrary\AndroidBindingsLibrary.csproj", "{8F624B47-F8A2-4066-AC5E-2FB4FAD374EA}"
EndProject
Project("{FAE04EC0-301F-11D3-BF4B-00C04F79EFBC}") = "CardFormBindings", "CardFormBindings\CardFormBindings.csproj", "{B59C5C17-A6F8-4C24-9F41-3DBE1F320C4B}"
EndProject
Global
	GlobalSection(SolutionConfigurationPlatforms) = preSolution
		Debug|Any CPU = Debug|Any CPU
		Debug|x64 = Debug|x64
		Debug|x86 = Debug|x86
		Release|Any CPU = Release|Any CPU
		Release|x64 = Release|x64
		Release|x86 = Release|x86
	EndGlobalSection
	GlobalSection(ProjectConfigurationPlatforms) = postSolution
		{33E916F1-74CE-40E0-A5A8-B7043C3623F7}.Debug|Any CPU.ActiveCfg = Debug|Any CPU
		{33E916F1-74CE-40E0-A5A8-B7043C3623F7}.Debug|Any CPU.Build.0 = Debug|Any CPU
		{33E916F1-74CE-40E0-A5A8-B7043C3623F7}.Debug|x64.ActiveCfg = Debug|Any CPU
		{33E916F1-74CE-40E0-A5A8-B7043C3623F7}.Debug|x64.Build.0 = Debug|Any CPU
		{33E916F1-74CE-40E0-A5A8-B7043C3623F7}.Debug|x86.ActiveCfg = Debug|Any CPU
		{33E916F1-74CE-40E0-A5A8-B7043C3623F7}.Debug|x86.Build.0 = Debug|Any CPU
		{33E916F1-74CE-40E0-A5A8-B7043C3623F7}.Release|Any CPU.ActiveCfg = Release|Any CPU
		{33E916F1-74CE-40E0-A5A8-B7043C3623F7}.Release|Any CPU.Build.0 = Release|Any CPU
		{33E916F1-74CE-40E0-A5A8-B7043C3623F7}.Release|x64.ActiveCfg = Release|Any CPU
		{33E916F1-74CE-40E0-A5A8-B7043C3623F7}.Release|x64.Build.0 = Release|Any CPU
		{33E916F1-74CE-40E0-A5A8-B7043C3623F7}.Release|x86.ActiveCfg = Release|Any CPU
		{33E916F1-74CE-40E0-A5A8-B7043C3623F7}.Release|x86.Build.0 = Release|Any CPU
		{F19FBEC1-3DD4-4D76-A9F5-574E1B302F36}.Debug|Any CPU.ActiveCfg = Debug|Any CPU
		{F19FBEC1-3DD4-4D76-A9F5-574E1B302F36}.Debug|Any CPU.Build.0 = Debug|Any CPU
		{F19FBEC1-3DD4-4D76-A9F5-574E1B302F36}.Debug|Any CPU.Deploy.0 = Debug|Any CPU
		{F19FBEC1-3DD4-4D76-A9F5-574E1B302F36}.Debug|x64.ActiveCfg = Debug|Any CPU
		{F19FBEC1-3DD4-4D76-A9F5-574E1B302F36}.Debug|x64.Build.0 = Debug|Any CPU
		{F19FBEC1-3DD4-4D76-A9F5-574E1B302F36}.Debug|x64.Deploy.0 = Debug|Any CPU
		{F19FBEC1-3DD4-4D76-A9F5-574E1B302F36}.Debug|x86.ActiveCfg = Debug|Any CPU
		{F19FBEC1-3DD4-4D76-A9F5-574E1B302F36}.Debug|x86.Build.0 = Debug|Any CPU
		{F19FBEC1-3DD4-4D76-A9F5-574E1B302F36}.Debug|x86.Deploy.0 = Debug|Any CPU
		{F19FBEC1-3DD4-4D76-A9F5-574E1B302F36}.Release|Any CPU.ActiveCfg = Release|Any CPU
		{F19FBEC1-3DD4-4D76-A9F5-574E1B302F36}.Release|Any CPU.Build.0 = Release|Any CPU
		{F19FBEC1-3DD4-4D76-A9F5-574E1B302F36}.Release|Any CPU.Deploy.0 = Release|Any CPU
		{F19FBEC1-3DD4-4D76-A9F5-574E1B302F36}.Release|x64.ActiveCfg = Release|Any CPU
		{F19FBEC1-3DD4-4D76-A9F5-574E1B302F36}.Release|x64.Build.0 = Release|Any CPU
		{F19FBEC1-3DD4-4D76-A9F5-574E1B302F36}.Release|x64.Deploy.0 = Release|Any CPU
		{F19FBEC1-3DD4-4D76-A9F5-574E1B302F36}.Release|x86.ActiveCfg = Release|Any CPU
		{F19FBEC1-3DD4-4D76-A9F5-574E1B302F36}.Release|x86.Build.0 = Release|Any CPU
		{F19FBEC1-3DD4-4D76-A9F5-574E1B302F36}.Release|x86.Deploy.0 = Release|Any CPU
		{8F624B47-F8A2-4066-AC5E-2FB4FAD374EA}.Debug|Any CPU.ActiveCfg = Debug|Any CPU
		{8F624B47-F8A2-4066-AC5E-2FB4FAD374EA}.Debug|Any CPU.Build.0 = Debug|Any CPU
		{8F624B47-F8A2-4066-AC5E-2FB4FAD374EA}.Debug|x64.ActiveCfg = Debug|Any CPU
		{8F624B47-F8A2-4066-AC5E-2FB4FAD374EA}.Debug|x64.Build.0 = Debug|Any CPU
		{8F624B47-F8A2-4066-AC5E-2FB4FAD374EA}.Debug|x86.ActiveCfg = Debug|Any CPU
		{8F624B47-F8A2-4066-AC5E-2FB4FAD374EA}.Debug|x86.Build.0 = Debug|Any CPU
		{8F624B47-F8A2-4066-AC5E-2FB4FAD374EA}.Release|Any CPU.ActiveCfg = Release|Any CPU
		{8F624B47-F8A2-4066-AC5E-2FB4FAD374EA}.Release|Any CPU.Build.0 = Release|Any CPU
		{8F624B47-F8A2-4066-AC5E-2FB4FAD374EA}.Release|x64.ActiveCfg = Release|Any CPU
		{8F624B47-F8A2-4066-AC5E-2FB4FAD374EA}.Release|x64.Build.0 = Release|Any CPU
		{8F624B47-F8A2-4066-AC5E-2FB4FAD374EA}.Release|x86.ActiveCfg = Release|Any CPU
		{8F624B47-F8A2-4066-AC5E-2FB4FAD374EA}.Release|x86.Build.0 = Release|Any CPU
		{B59C5C17-A6F8-4C24-9F41-3DBE1F320C4B}.Debug|Any CPU.ActiveCfg = Debug|Any CPU
		{B59C5C17-A6F8-4C24-9F41-3DBE1F320C4B}.Debug|Any CPU.Build.0 = Debug|Any CPU
		{B59C5C17-A6F8-4C24-9F41-3DBE1F320C4B}.Debug|x64.ActiveCfg = Debug|Any CPU
		{B59C5C17-A6F8-4C24-9F41-3DBE1F320C4B}.Debug|x64.Build.0 = Debug|Any CPU
		{B59C5C17-A6F8-4C24-9F41-3DBE1F320C4B}.Debug|x86.ActiveCfg = Debug|Any CPU
		{B59C5C17-A6F8-4C24-9F41-3DBE1F320C4B}.Debug|x86.Build.0 = Debug|Any CPU
		{B59C5C17-A6F8-4C24-9F41-3DBE1F320C4B}.Release|Any CPU.ActiveCfg = Release|Any CPU
		{B59C5C17-A6F8-4C24-9F41-3DBE1F320C4B}.Release|Any CPU.Build.0 = Release|Any CPU
		{B59C5C17-A6F8-4C24-9F41-3DBE1F320C4B}.Release|x64.ActiveCfg = Release|Any CPU
		{B59C5C17-A6F8-4C24-9F41-3DBE1F320C4B}.Release|x64.Build.0 = Release|Any CPU
		{B59C5C17-A6F8-4C24-9F41-3DBE1F320C4B}.Release|x86.ActiveCfg = Release|Any CPU
		{B59C5C17-A6F8-4C24-9F41-3DBE1F320C4B}.Release|x86.Build.0 = Release|Any CPU
	EndGlobalSection
	GlobalSection(SolutionProperties) = preSolution
		HideSolutionNode = FALSE
	EndGlobalSection
	GlobalSection(ExtensibilityGlobals) = postSolution
		SolutionGuid = {19A455B3-7C17-4181-9CFB-37985260534D}
	EndGlobalSection
EndGlobal
